// !$*UTF8*$!
{
	archiveVersion = 1;
	classes = {
	};
	objectVersion = 77;
	objects = {

/* Begin PBXContainerItemProxy section */
		EDEE4D2F2DCF308900D39FA2 /* PBXContainerItemProxy */ = {
			isa = PBXContainerItemProxy;
			containerPortal = EDEE4D102DCF308800D39FA2 /* Project object */;
			proxyType = 1;
			remoteGlobalIDString = EDEE4D172DCF308800D39FA2;
			remoteInfo = FanLoop;
		};
		EDEE4D392DCF308900D39FA2 /* PBXContainerItemProxy */ = {
			isa = PBXContainerItemProxy;
			containerPortal = EDEE4D102DCF308800D39FA2 /* Project object */;
			proxyType = 1;
			remoteGlobalIDString = EDEE4D172DCF308800D39FA2;
			remoteInfo = FanLoop;
		};
/* End PBXContainerItemProxy section */

/* Begin PBXFileReference section */
		EDEE4D182DCF308800D39FA2 /* FanLoop.app */ = {isa = PBXFileReference; explicitFileType = wrapper.application; includeInIndex = 0; path = FanLoop.app; sourceTree = BUILT_PRODUCTS_DIR; };
		EDEE4D2E2DCF308900D39FA2 /* FanLoopTests.xctest */ = {isa = PBXFileReference; explicitFileType = wrapper.cfbundle; includeInIndex = 0; path = FanLoopTests.xctest; sourceTree = BUILT_PRODUCTS_DIR; };
		EDEE4D382DCF308900D39FA2 /* FanLoopUITests.xctest */ = {isa = PBXFileReference; explicitFileType = wrapper.cfbundle; includeInIndex = 0; path = FanLoopUITests.xctest; sourceTree = BUILT_PRODUCTS_DIR; };
/* End PBXFileReference section */

/* Begin PBXFileSystemSynchronizedBuildFileExceptionSet section */
		EDEE4D402DCF308900D39FA2 /* Exceptions for "FanLoop" folder in "FanLoop" target */ = {
			isa = PBXFileSystemSynchronizedBuildFileExceptionSet;
			membershipExceptions = (
				Info.plist,
			);
			target = EDEE4D172DCF308800D39FA2 /* FanLoop */;
		};
/* End PBXFileSystemSynchronizedBuildFileExceptionSet section */

/* Begin PBXFileSystemSynchronizedRootGroup section */
		EDEE4D1A2DCF308800D39FA2 /* FanLoop */ = {
			isa = PBXFileSystemSynchronizedRootGroup;
			exceptions = (
				EDEE4D402DCF308900D39FA2 /* Exceptions for "FanLoop" folder in "FanLoop" target */,
			);
			path = FanLoop;
			sourceTree = "<group>";
		};
		EDEE4D312DCF308900D39FA2 /* FanLoopTests */ = {
			isa = PBXFileSystemSynchronizedRootGroup;
			path = FanLoopTests;
			sourceTree = "<group>";
		};
		EDEE4D3B2DCF308900D39FA2 /* FanLoopUITests */ = {
			isa = PBXFileSystemSynchronizedRootGroup;
			path = FanLoopUITests;
			sourceTree = "<group>";
		};
/* End PBXFileSystemSynchronizedRootGroup section */

/* Begin PBXFrameworksBuildPhase section */
		EDEE4D152DCF308800D39FA2 /* Frameworks */ = {
			isa = PBXFrameworksBuildPhase;
			buildActionMask = 2147483647;
			files = (
			);
			runOnlyForDeploymentPostprocessing = 0;
		};
		EDEE4D2B2DCF308900D39FA2 /* Frameworks */ = {
			isa = PBXFrameworksBuildPhase;
			buildActionMask = 2147483647;
			files = (
			);
			runOnlyForDeploymentPostprocessing = 0;
		};
		EDEE4D352DCF308900D39FA2 /* Frameworks */ = {
			isa = PBXFrameworksBuildPhase;
			buildActionMask = 2147483647;
			files = (
			);
			runOnlyForDeploymentPostprocessing = 0;
		};
/* End PBXFrameworksBuildPhase section */

/* Begin PBXGroup section */
		EDEE4D0F2DCF308800D39FA2 = {
			isa = PBXGroup;
			children = (
				EDEE4D1A2DCF308800D39FA2 /* FanLoop */,
				EDEE4D312DCF308900D39FA2 /* FanLoopTests */,
				EDEE4D3B2DCF308900D39FA2 /* FanLoopUITests */,
				EDEE4D192DCF308800D39FA2 /* Products */,
			);
			sourceTree = "<group>";
		};
		EDEE4D192DCF308800D39FA2 /* Products */ = {
			isa = PBXGroup;
			children = (
				EDEE4D182DCF308800D39FA2 /* FanLoop.app */,
				EDEE4D2E2DCF308900D39FA2 /* FanLoopTests.xctest */,
				EDEE4D382DCF308900D39FA2 /* FanLoopUITests.xctest */,
			);
			name = Products;
			sourceTree = "<group>";
		};
/* End PBXGroup section */

/* Begin PBXNativeTarget section */
		EDEE4D172DCF308800D39FA2 /* FanLoop */ = {
			isa = PBXNativeTarget;
			buildConfigurationList = EDEE4D412DCF308900D39FA2 /* Build configuration list for PBXNativeTarget "FanLoop" */;
			buildPhases = (
				EDEE4D142DCF308800D39FA2 /* Sources */,
				EDEE4D152DCF308800D39FA2 /* Frameworks */,
				EDEE4D162DCF308800D39FA2 /* Resources */,
			);
			buildRules = (
			);
			dependencies = (
			);
			fileSystemSynchronizedGroups = (
				EDEE4D1A2DCF308800D39FA2 /* FanLoop */,
			);
			name = FanLoop;
			packageProductDependencies = (
			);
			productName = FanLoop;
			productReference = EDEE4D182DCF308800D39FA2 /* FanLoop.app */;
			productType = "com.apple.product-type.application";
		};
		EDEE4D2D2DCF308900D39FA2 /* FanLoopTests */ = {
			isa = PBXNativeTarget;
			buildConfigurationList = EDEE4D462DCF308900D39FA2 /* Build configuration list for PBXNativeTarget "FanLoopTests" */;
			buildPhases = (
				EDEE4D2A2DCF308900D39FA2 /* Sources */,
				EDEE4D2B2DCF308900D39FA2 /* Frameworks */,
				EDEE4D2C2DCF308900D39FA2 /* Resources */,
			);
			buildRules = (
			);
			dependencies = (
				EDEE4D302DCF308900D39FA2 /* PBXTargetDependency */,
			);
			fileSystemSynchronizedGroups = (
				EDEE4D312DCF308900D39FA2 /* FanLoopTests */,
			);
			name = FanLoopTests;
			packageProductDependencies = (
			);
			productName = FanLoopTests;
			productReference = EDEE4D2E2DCF308900D39FA2 /* FanLoopTests.xctest */;
			productType = "com.apple.product-type.bundle.unit-test";
		};
		EDEE4D372DCF308900D39FA2 /* FanLoopUITests */ = {
			isa = PBXNativeTarget;
			buildConfigurationList = EDEE4D492DCF308900D39FA2 /* Build configuration list for PBXNativeTarget "FanLoopUITests" */;
			buildPhases = (
				EDEE4D342DCF308900D39FA2 /* Sources */,
				EDEE4D352DCF308900D39FA2 /* Frameworks */,
				EDEE4D362DCF308900D39FA2 /* Resources */,
			);
			buildRules = (
			);
			dependencies = (
				EDEE4D3A2DCF308900D39FA2 /* PBXTargetDependency */,
			);
			fileSystemSynchronizedGroups = (
				EDEE4D3B2DCF308900D39FA2 /* FanLoopUITests */,
			);
			name = FanLoopUITests;
			packageProductDependencies = (
			);
			productName = FanLoopUITests;
			productReference = EDEE4D382DCF308900D39FA2 /* FanLoopUITests.xctest */;
			productType = "com.apple.product-type.bundle.ui-testing";
		};
/* End PBXNativeTarget section */

/* Begin PBXProject section */
		EDEE4D102DCF308800D39FA2 /* Project object */ = {
			isa = PBXProject;
			attributes = {
				BuildIndependentTargetsInParallel = 1;
				LastSwiftUpdateCheck = 1620;
				LastUpgradeCheck = 1620;
				TargetAttributes = {
					EDEE4D172DCF308800D39FA2 = {
						CreatedOnToolsVersion = 16.2;
					};
					EDEE4D2D2DCF308900D39FA2 = {
						CreatedOnToolsVersion = 16.2;
						TestTargetID = EDEE4D172DCF308800D39FA2;
					};
					EDEE4D372DCF308900D39FA2 = {
						CreatedOnToolsVersion = 16.2;
						TestTargetID = EDEE4D172DCF308800D39FA2;
					};
				};
			};
			buildConfigurationList = EDEE4D132DCF308800D39FA2 /* Build configuration list for PBXProject "FanLoop" */;
			developmentRegion = en;
			hasScannedForEncodings = 0;
			knownRegions = (
				en,
				Base,
			);
			mainGroup = EDEE4D0F2DCF308800D39FA2;
			minimizedProjectReferenceProxies = 1;
			preferredProjectObjectVersion = 77;
			productRefGroup = EDEE4D192DCF308800D39FA2 /* Products */;
			projectDirPath = "";
			projectRoot = "";
			targets = (
				EDEE4D172DCF308800D39FA2 /* FanLoop */,
				EDEE4D2D2DCF308900D39FA2 /* FanLoopTests */,
				EDEE4D372DCF308900D39FA2 /* FanLoopUITests */,
			);
		};
/* End PBXProject section */

/* Begin PBXResourcesBuildPhase section */
		EDEE4D162DCF308800D39FA2 /* Resources */ = {
			isa = PBXResourcesBuildPhase;
			buildActionMask = 2147483647;
			files = (
			);
			runOnlyForDeploymentPostprocessing = 0;
		};
		EDEE4D2C2DCF308900D39FA2 /* Resources */ = {
			isa = PBXResourcesBuildPhase;
			buildActionMask = 2147483647;
			files = (
			);
			runOnlyForDeploymentPostprocessing = 0;
		};
		EDEE4D362DCF308900D39FA2 /* Resources */ = {
			isa = PBXResourcesBuildPhase;
			buildActionMask = 2147483647;
			files = (
			);
			runOnlyForDeploymentPostprocessing = 0;
		};
/* End PBXResourcesBuildPhase section */

/* Begin PBXSourcesBuildPhase section */
		EDEE4D142DCF308800D39FA2 /* Sources */ = {
			isa = PBXSourcesBuildPhase;
			buildActionMask = 2147483647;
			files = (
			);
			runOnlyForDeploymentPostprocessing = 0;
		};
		EDEE4D2A2DCF308900D39FA2 /* Sources */ = {
			isa = PBXSourcesBuildPhase;
			buildActionMask = 2147483647;
			files = (
			);
			runOnlyForDeploymentPostprocessing = 0;
		};
		EDEE4D342DCF308900D39FA2 /* Sources */ = {
			isa = PBXSourcesBuildPhase;
			buildActionMask = 2147483647;
			files = (
			);
			runOnlyForDeploymentPostprocessing = 0;
		};
/* End PBXSourcesBuildPhase section */

/* Begin PBXTargetDependency section */
		EDEE4D302DCF308900D39FA2 /* PBXTargetDependency */ = {
			isa = PBXTargetDependency;
			target = EDEE4D172DCF308800D39FA2 /* FanLoop */;
			targetProxy = EDEE4D2F2DCF308900D39FA2 /* PBXContainerItemProxy */;
		};
		EDEE4D3A2DCF308900D39FA2 /* PBXTargetDependency */ = {
			isa = PBXTargetDependency;
			target = EDEE4D172DCF308800D39FA2 /* FanLoop */;
			targetProxy = EDEE4D392DCF308900D39FA2 /* PBXContainerItemProxy */;
		};
/* End PBXTargetDependency section */

/* Begin XCBuildConfiguration section */
		EDEE4D422DCF308900D39FA2 /* Debug */ = {
			isa = XCBuildConfiguration;
			buildSettings = {
				ASSETCATALOG_COMPILER_APPICON_NAME = AppIcon;
				ASSETCATALOG_COMPILER_GLOBAL_ACCENT_COLOR_NAME = AccentColor;
				CODE_SIGN_STYLE = Automatic;
				CURRENT_PROJECT_VERSION = 1;
				DEVELOPMENT_TEAM = 8572WS27HD;
				GENERATE_INFOPLIST_FILE = YES;
				INFOPLIST_FILE = FanLoop/Info.plist;
				INFOPLIST_KEY_UIApplicationSupportsIndirectInputEvents = YES;
				INFOPLIST_KEY_UILaunchStoryboardName = LaunchScreen;
				INFOPLIST_KEY_UIMainStoryboardFile = Main;
				INFOPLIST_KEY_UISupportedInterfaceOrientations_iPad = "UIInterfaceOrientationPortrait UIInterfaceOrientationPortraitUpsideDown UIInterfaceOrientationLandscapeLeft UIInterfaceOrientationLandscapeRight";
				INFOPLIST_KEY_UISupportedInterfaceOrientations_iPhone = "UIInterfaceOrientationPortrait UIInterfaceOrientationLandscapeLeft UIInterfaceOrientationLandscapeRight";
				LD_RUNPATH_SEARCH_PATHS = (
					"$(inherited)",
					"@executable_path/Frameworks",
				);
				MARKETING_VERSION = 1.0;
				PRODUCT_BUNDLE_IDENTIFIER = boray.chen.FanLoop;
				PRODUCT_NAME = "$(TARGET_NAME)";
				SWIFT_EMIT_LOC_STRINGS = YES;
				SWIFT_VERSION = 5.0;
				TARGETED_DEVICE_FAMILY = "1,2";
			};
			name = Debug;
		};
		EDEE4D432DCF308900D39FA2 /* Release */ = {
			isa = XCBuildConfiguration;
			buildSettings = {
				ASSETCATALOG_COMPILER_APPICON_NAME = AppIcon;
				ASSETCATALOG_COMPILER_GLOBAL_ACCENT_COLOR_NAME = AccentColor;
				CODE_SIGN_STYLE = Automatic;
				CURRENT_PROJECT_VERSION = 1;
				DEVELOPMENT_TEAM = 8572WS27HD;
				GENERATE_INFOPLIST_FILE = YES;
				INFOPLIST_FILE = FanLoop/Info.plist;
				INFOPLIST_KEY_UIApplicationSupportsIndirectInputEvents = YES;
				INFOPLIST_KEY_UILaunchStoryboardName = LaunchScreen;
				INFOPLIST_KEY_UIMainStoryboardFile = Main;
				INFOPLIST_KEY_UISupportedInterfaceOrientations_iPad = "UIInterfaceOrientationPortrait UIInterfaceOrientationPortraitUpsideDown UIInterfaceOrientationLandscapeLeft UIInterfaceOrientationLandscapeRight";
				INFOPLIST_KEY_UISupportedInterfaceOrientations_iPhone = "UIInterfaceOrientationPortrait UIInterfaceOrientationLandscapeLeft UIInterfaceOrientationLandscapeRight";
				LD_RUNPATH_SEARCH_PATHS = (
					"$(inherited)",
					"@executable_path/Frameworks",
				);
				MARKETING_VERSION = 1.0;
				PRODUCT_BUNDLE_IDENTIFIER = boray.chen.FanLoop;
				PRODUCT_NAME = "$(TARGET_NAME)";
				SWIFT_EMIT_LOC_STRINGS = YES;
				SWIFT_VERSION = 5.0;
				TARGETED_DEVICE_FAMILY = "1,2";
			};
			name = Release;
		};
		EDEE4D442DCF308900D39FA2 /* Debug */ = {
			isa = XCBuildConfiguration;
			buildSettings = {
				ALWAYS_SEARCH_USER_PATHS = NO;
				ASSETCATALOG_COMPILER_GENERATE_SWIFT_ASSET_SYMBOL_EXTENSIONS = YES;
				CLANG_ANALYZER_NONNULL = YES;
				CLANG_ANALYZER_NUMBER_OBJECT_CONVERSION = YES_AGGRESSIVE;
				CLANG_CXX_LANGUAGE_STANDARD = "gnu++20";
				CLANG_ENABLE_MODULES = YES;
				CLANG_ENABLE_OBJC_ARC = YES;
				CLANG_ENABLE_OBJC_WEAK = YES;
				CLANG_WARN_BLOCK_CAPTURE_AUTORELEASING = YES;
				CLANG_WARN_BOOL_CONVERSION = YES;
				CLANG_WARN_COMMA = YES;
				CLANG_WARN_CONSTANT_CONVERSION = YES;
				CLANG_WARN_DEPRECATED_OBJC_IMPLEMENTATIONS = YES;
				CLANG_WARN_DIRECT_OBJC_ISA_USAGE = YES_ERROR;
				CLANG_WARN_DOCUMENTATION_COMMENTS = YES;
				CLANG_WARN_EMPTY_BODY = YES;
				CLANG_WARN_ENUM_CONVERSION = YES;
				CLANG_WARN_INFINITE_RECURSION = YES;
				CLANG_WARN_INT_CONVERSION = YES;
				CLANG_WARN_NON_LITERAL_NULL_CONVERSION = YES;
				CLANG_WARN_OBJC_IMPLICIT_RETAIN_SELF = YES;
				CLANG_WARN_OBJC_LITERAL_CONVERSION = YES;
				CLANG_WARN_OBJC_ROOT_CLASS = YES_ERROR;
				CLANG_WARN_QUOTED_INCLUDE_IN_FRAMEWORK_HEADER = YES;
				CLANG_WARN_RANGE_LOOP_ANALYSIS = YES;
				CLANG_WARN_STRICT_PROTOTYPES = YES;
				CLANG_WARN_SUSPICIOUS_MOVE = YES;
				CLANG_WARN_UNGUARDED_AVAILABILITY = YES_AGGRESSIVE;
				CLANG_WARN_UNREACHABLE_CODE = YES;
				CLANG_WARN__DUPLICATE_METHOD_MATCH = YES;
				COPY_PHASE_STRIP = NO;
				DEBUG_INFORMATION_FORMAT = dwarf;
				ENABLE_STRICT_OBJC_MSGSEND = YES;
				ENABLE_TESTABILITY = YES;
				ENABLE_USER_SCRIPT_SANDBOXING = YES;
				GCC_C_LANGUAGE_STANDARD = gnu17;
				GCC_DYNAMIC_NO_PIC = NO;
				GCC_NO_COMMON_BLOCKS = YES;
				GCC_OPTIMIZATION_LEVEL = 0;
				GCC_PREPROCESSOR_DEFINITIONS = (
					"DEBUG=1",
					"$(inherited)",
				);
				GCC_WARN_64_TO_32_BIT_CONVERSION = YES;
				GCC_WARN_ABOUT_RETURN_TYPE = YES_ERROR;
				GCC_WARN_UNDECLARED_SELECTOR = YES;
				GCC_WARN_UNINITIALIZED_AUTOS = YES_AGGRESSIVE;
				GCC_WARN_UNUSED_FUNCTION = YES;
				GCC_WARN_UNUSED_VARIABLE = YES;
				IPHONEOS_DEPLOYMENT_TARGET = 18.2;
				LOCALIZATION_PREFERS_STRING_CATALOGS = YES;
				MTL_ENABLE_DEBUG_INFO = INCLUDE_SOURCE;
				MTL_FAST_MATH = YES;
				ONLY_ACTIVE_ARCH = YES;
				SDKROOT = iphoneos;
				SWIFT_ACTIVE_COMPILATION_CONDITIONS = "DEBUG $(inherited)";
				SWIFT_OPTIMIZATION_LEVEL = "-Onone";
			};
			name = Debug;
		};
		EDEE4D452DCF308900D39FA2 /* Release */ = {
			isa = XCBuildConfiguration;
			buildSettings = {
				ALWAYS_SEARCH_USER_PATHS = NO;
				ASSETCATALOG_COMPILER_GENERATE_SWIFT_ASSET_SYMBOL_EXTENSIONS = YES;
				CLANG_ANALYZER_NONNULL = YES;
				CLANG_ANALYZER_NUMBER_OBJECT_CONVERSION = YES_AGGRESSIVE;
				CLANG_CXX_LANGUAGE_STANDARD = "gnu++20";
				CLANG_ENABLE_MODULES = YES;
				CLANG_ENABLE_OBJC_ARC = YES;
				CLANG_ENABLE_OBJC_WEAK = YES;
				CLANG_WARN_BLOCK_CAPTURE_AUTORELEASING = YES;
				CLANG_WARN_BOOL_CONVERSION = YES;
				CLANG_WARN_COMMA = YES;
				CLANG_WARN_CONSTANT_CONVERSION = YES;
				CLANG_WARN_DEPRECATED_OBJC_IMPLEMENTATIONS = YES;
				CLANG_WARN_DIRECT_OBJC_ISA_USAGE = YES_ERROR;
				CLANG_WARN_DOCUMENTATION_COMMENTS = YES;
				CLANG_WARN_EMPTY_BODY = YES;
				CLANG_WARN_ENUM_CONVERSION = YES;
				CLANG_WARN_INFINITE_RECURSION = YES;
				CLANG_WARN_INT_CONVERSION = YES;
				CLANG_WARN_NON_LITERAL_NULL_CONVERSION = YES;
				CLANG_WARN_OBJC_IMPLICIT_RETAIN_SELF = YES;
				CLANG_WARN_OBJC_LITERAL_CONVERSION = YES;
				CLANG_WARN_OBJC_ROOT_CLASS = YES_ERROR;
				CLANG_WARN_QUOTED_INCLUDE_IN_FRAMEWORK_HEADER = YES;
				CLANG_WARN_RANGE_LOOP_ANALYSIS = YES;
				CLANG_WARN_STRICT_PROTOTYPES = YES;
				CLANG_WARN_SUSPICIOUS_MOVE = YES;
				CLANG_WARN_UNGUARDED_AVAILABILITY = YES_AGGRESSIVE;
				CLANG_WARN_UNREACHABLE_CODE = YES;
				CLANG_WARN__DUPLICATE_METHOD_MATCH = YES;
				COPY_PHASE_STRIP = NO;
				DEBUG_INFORMATION_FORMAT = "dwarf-with-dsym";
				ENABLE_NS_ASSERTIONS = NO;
				ENABLE_STRICT_OBJC_MSGSEND = YES;
				ENABLE_USER_SCRIPT_SANDBOXING = YES;
				GCC_C_LANGUAGE_STANDARD = gnu17;
				GCC_NO_COMMON_BLOCKS = YES;
				GCC_WARN_64_TO_32_BIT_CONVERSION = YES;
				GCC_WARN_ABOUT_RETURN_TYPE = YES_ERROR;
				GCC_WARN_UNDECLARED_SELECTOR = YES;
				GCC_WARN_UNINITIALIZED_AUTOS = YES_AGGRESSIVE;
				GCC_WARN_UNUSED_FUNCTION = YES;
				GCC_WARN_UNUSED_VARIABLE = YES;
				IPHONEOS_DEPLOYMENT_TARGET = 18.2;
				LOCALIZATION_PREFERS_STRING_CATALOGS = YES;
				MTL_ENABLE_DEBUG_INFO = NO;
				MTL_FAST_MATH = YES;
				SDKROOT = iphoneos;
				SWIFT_COMPILATION_MODE = wholemodule;
				VALIDATE_PRODUCT = YES;
			};
			name = Release;
		};
		EDEE4D472DCF308900D39FA2 /* Debug */ = {
			isa = XCBuildConfiguration;
			buildSettings = {
				BUNDLE_LOADER = "$(TEST_HOST)";
				CODE_SIGN_STYLE = Automatic;
				CURRENT_PROJECT_VERSION = 1;
				DEVELOPMENT_TEAM = 8572WS27HD;
				GENERATE_INFOPLIST_FILE = YES;
				IPHONEOS_DEPLOYMENT_TARGET = 18.2;
				MARKETING_VERSION = 1.0;
				PRODUCT_BUNDLE_IDENTIFIER = boray.chen.FanLoopTests;
				PRODUCT_NAME = "$(TARGET_NAME)";
				SWIFT_EMIT_LOC_STRINGS = NO;
				SWIFT_VERSION = 5.0;
				TARGETED_DEVICE_FAMILY = "1,2";
				TEST_HOST = "$(BUILT_PRODUCTS_DIR)/FanLoop.app/$(BUNDLE_EXECUTABLE_FOLDER_PATH)/FanLoop";
			};
			name = Debug;
		};
		EDEE4D482DCF308900D39FA2 /* Release */ = {
			isa = XCBuildConfiguration;
			buildSettings = {
				BUNDLE_LOADER = "$(TEST_HOST)";
				CODE_SIGN_STYLE = Automatic;
				CURRENT_PROJECT_VERSION = 1;
				DEVELOPMENT_TEAM = 8572WS27HD;
				GENERATE_INFOPLIST_FILE = YES;
				IPHONEOS_DEPLOYMENT_TARGET = 18.2;
				MARKETING_VERSION = 1.0;
				PRODUCT_BUNDLE_IDENTIFIER = boray.chen.FanLoopTests;
				PRODUCT_NAME = "$(TARGET_NAME)";
				SWIFT_EMIT_LOC_STRINGS = NO;
				SWIFT_VERSION = 5.0;
				TARGETED_DEVICE_FAMILY = "1,2";
				TEST_HOST = "$(BUILT_PRODUCTS_DIR)/FanLoop.app/$(BUNDLE_EXECUTABLE_FOLDER_PATH)/FanLoop";
			};
			name = Release;
		};
		EDEE4D4A2DCF308900D39FA2 /* Debug */ = {
			isa = XCBuildConfiguration;
			buildSettings = {
				CODE_SIGN_STYLE = Automatic;
				CURRENT_PROJECT_VERSION = 1;
				DEVELOPMENT_TEAM = 8572WS27HD;
				GENERATE_INFOPLIST_FILE = YES;
				MARKETING_VERSION = 1.0;
				PRODUCT_BUNDLE_IDENTIFIER = boray.chen.FanLoopUITests;
				PRODUCT_NAME = "$(TARGET_NAME)";
				SWIFT_EMIT_LOC_STRINGS = NO;
				SWIFT_VERSION = 5.0;
				TARGETED_DEVICE_FAMILY = "1,2";
				TEST_TARGET_NAME = FanLoop;
			};
			name = Debug;
		};
		EDEE4D4B2DCF308900D39FA2 /* Release */ = {
			isa = XCBuildConfiguration;
			buildSettings = {
				CODE_SIGN_STYLE = Automatic;
				CURRENT_PROJECT_VERSION = 1;
				DEVELOPMENT_TEAM = 8572WS27HD;
				GENERATE_INFOPLIST_FILE = YES;
				MARKETING_VERSION = 1.0;
				PRODUCT_BUNDLE_IDENTIFIER = boray.chen.FanLoopUITests;
				PRODUCT_NAME = "$(TARGET_NAME)";
				SWIFT_EMIT_LOC_STRINGS = NO;
				SWIFT_VERSION = 5.0;
				TARGETED_DEVICE_FAMILY = "1,2";
				TEST_TARGET_NAME = FanLoop;
			};
			name = Release;
		};
/* End XCBuildConfiguration section */

/* Begin XCConfigurationList section */
		EDEE4D132DCF308800D39FA2 /* Build configuration list for PBXProject "FanLoop" */ = {
			isa = XCConfigurationList;
			buildConfigurations = (
				EDEE4D442DCF308900D39FA2 /* Debug */,
				EDEE4D452DCF308900D39FA2 /* Release */,
			);
			defaultConfigurationIsVisible = 0;
			defaultConfigurationName = Release;
		};
		EDEE4D412DCF308900D39FA2 /* Build configuration list for PBXNativeTarget "FanLoop" */ = {
			isa = XCConfigurationList;
			buildConfigurations = (
				EDEE4D422DCF308900D39FA2 /* Debug */,
				EDEE4D432DCF308900D39FA2 /* Release */,
			);
			defaultConfigurationIsVisible = 0;
			defaultConfigurationName = Release;
		};
		EDEE4D462DCF308900D39FA2 /* Build configuration list for PBXNativeTarget "FanLoopTests" */ = {
			isa = XCConfigurationList;
			buildConfigurations = (
				EDEE4D472DCF308900D39FA2 /* Debug */,
				EDEE4D482DCF308900D39FA2 /* Release */,
			);
			defaultConfigurationIsVisible = 0;
			defaultConfigurationName = Release;
		};
		EDEE4D492DCF308900D39FA2 /* Build configuration list for PBXNativeTarget "FanLoopUITests" */ = {
			isa = XCConfigurationList;
			buildConfigurations = (
				EDEE4D4A2DCF308900D39FA2 /* Debug */,
				EDEE4D4B2DCF308900D39FA2 /* Release */,
			);
			defaultConfigurationIsVisible = 0;
			defaultConfigurationName = Release;
		};
/* End XCConfigurationList section */
	};
	rootObject = EDEE4D102DCF308800D39FA2 /* Project object */;
}
